
Microsoft Visual Studio Solution File, Format Version 12.00
# Visual Studio Version 16
VisualStudioVersion = 16.0.809.2
MinimumVisualStudioVersion = 10.0.40219.1
Project("{FAE04EC0-301F-11D3-BF4B-00C04F79EFBC}") = "BlipsAndChitzStore", "BlipsAndChitzStore.csproj", "{39FB804E-8DE8-4607-865C-EDC1BC3EB7C2}"
EndProject
Global
	GlobalSection(SolutionConfigurationPlatforms) = preSolution
		Debug|Any CPU = Debug|Any CPU
		Release|Any CPU = Release|Any CPU
	EndGlobalSection
	GlobalSection(ProjectConfigurationPlatforms) = postSolution
		{39FB804E-8DE8-4607-865C-EDC1BC3EB7C2}.Debug|Any CPU.ActiveCfg = Debug|Any CPU
		{39FB804E-8DE8-4607-865C-EDC1BC3EB7C2}.Debug|Any CPU.Build.0 = Debug|Any CPU
		{39FB804E-8DE8-4607-865C-EDC1BC3EB7C2}.Release|Any CPU.ActiveCfg = Release|Any CPU
		{39FB804E-8DE8-4607-865C-EDC1BC3EB7C2}.Release|Any CPU.Build.0 = Release|Any CPU
	EndGlobalSection
	GlobalSection(SolutionProperties) = preSolution
		HideSolutionNode = FALSE
	EndGlobalSection
	GlobalSection(ExtensibilityGlobals) = postSolution
		SolutionGuid = {66A5E6D8-D662-4E3E-87FC-426FF6DC1797}
	EndGlobalSection
EndGlobal
